// !$*UTF8*$!
{
	archiveVersion = 1;
	classes = {
	};
	objectVersion = 46;
	objects = {

/* Begin PBXBuildFile section */
		2488D1751E38E5AF00F1C9CF /* AppDelegate.swift in Sources */ = {isa = PBXBuildFile; fileRef = 2488D1741E38E5AF00F1C9CF /* AppDelegate.swift */; };
		2488D1771E38E5AF00F1C9CF /* MZViewController.swift in Sources */ = {isa = PBXBuildFile; fileRef = 2488D1761E38E5AF00F1C9CF /* MZViewController.swift */; };
		2488D17C1E38E5B000F1C9CF /* Assets.xcassets in Resources */ = {isa = PBXBuildFile; fileRef = 2488D17B1E38E5B000F1C9CF /* Assets.xcassets */; };
		2488D17F1E38E5B000F1C9CF /* LaunchScreen.storyboard in Resources */ = {isa = PBXBuildFile; fileRef = 2488D17D1E38E5B000F1C9CF /* LaunchScreen.storyboard */; };
		2488D18A1E38E5B000F1C9CF /* SwiftCellContentHeightAnimationTests.swift in Sources */ = {isa = PBXBuildFile; fileRef = 2488D1891E38E5B000F1C9CF /* SwiftCellContentHeightAnimationTests.swift */; };
		2488D1951E38E5B000F1C9CF /* SwiftCellContentHeightAnimationUITests.swift in Sources */ = {isa = PBXBuildFile; fileRef = 2488D1941E38E5B000F1C9CF /* SwiftCellContentHeightAnimationUITests.swift */; };
		2488D1A41E38E63000F1C9CF /* MZTableViewCell.swift in Sources */ = {isa = PBXBuildFile; fileRef = 2488D1A21E38E63000F1C9CF /* MZTableViewCell.swift */; };
		2488D1A51E38E63000F1C9CF /* MZTableViewCell.xib in Resources */ = {isa = PBXBuildFile; fileRef = 2488D1A31E38E63000F1C9CF /* MZTableViewCell.xib */; };
		2488D1A71E38E9E300F1C9CF /* MZHomeTableCellPictureView.swift in Sources */ = {isa = PBXBuildFile; fileRef = 2488D1A61E38E9E300F1C9CF /* MZHomeTableCellPictureView.swift */; };
		2488D1A91E38EA3000F1C9CF /* MZHomeTableCellDetailView.swift in Sources */ = {isa = PBXBuildFile; fileRef = 2488D1A81E38EA3000F1C9CF /* MZHomeTableCellDetailView.swift */; };
		2488D1AB1E38F7C700F1C9CF /* MZImagePreviewPageViewController.swift in Sources */ = {isa = PBXBuildFile; fileRef = 2488D1AA1E38F7C700F1C9CF /* MZImagePreviewPageViewController.swift */; };
		2488D1AD1E38F85600F1C9CF /* MZSingleImagePreviewViewController.swift in Sources */ = {isa = PBXBuildFile; fileRef = 2488D1AC1E38F85600F1C9CF /* MZSingleImagePreviewViewController.swift */; };
		2488D1AF1E38F90200F1C9CF /* MZImagePreviewAnimator.swift in Sources */ = {isa = PBXBuildFile; fileRef = 2488D1AE1E38F90200F1C9CF /* MZImagePreviewAnimator.swift */; };
/* End PBXBuildFile section */

/* Begin PBXContainerItemProxy section */
		2488D1861E38E5B000F1C9CF /* PBXContainerItemProxy */ = {
			isa = PBXContainerItemProxy;
			containerPortal = 2488D1691E38E5AF00F1C9CF /* Project object */;
			proxyType = 1;
			remoteGlobalIDString = 2488D1701E38E5AF00F1C9CF;
			remoteInfo = SwiftCellContentHeightAnimation;
		};
		2488D1911E38E5B000F1C9CF /* PBXContainerItemProxy */ = {
			isa = PBXContainerItemProxy;
			containerPortal = 2488D1691E38E5AF00F1C9CF /* Project object */;
			proxyType = 1;
			remoteGlobalIDString = 2488D1701E38E5AF00F1C9CF;
			remoteInfo = SwiftCellContentHeightAnimation;
		};
/* End PBXContainerItemProxy section */

/* Begin PBXFileReference section */
		2488D1711E38E5AF00F1C9CF /* SwiftCellContentHeightAnimation.app */ = {isa = PBXFileReference; explicitFileType = wrapper.application; includeInIndex = 0; path = SwiftCellContentHeightAnimation.app; sourceTree = BUILT_PRODUCTS_DIR; };
		2488D1741E38E5AF00F1C9CF /* AppDelegate.swift */ = {isa = PBXFileReference; lastKnownFileType = sourcecode.swift; path = AppDelegate.swift; sourceTree = "<group>"; };
		2488D1761E38E5AF00F1C9CF /* MZViewController.swift */ = {isa = PBXFileReference; lastKnownFileType = sourcecode.swift; path = MZViewController.swift; sourceTree = "<group>"; };
		2488D17B1E38E5B000F1C9CF /* Assets.xcassets */ = {isa = PBXFileReference; lastKnownFileType = folder.assetcatalog; path = Assets.xcassets; sourceTree = "<group>"; };
		2488D17E1E38E5B000F1C9CF /* Base */ = {isa = PBXFileReference; lastKnownFileType = file.storyboard; name = Base; path = Base.lproj/LaunchScreen.storyboard; sourceTree = "<group>"; };
		2488D1801E38E5B000F1C9CF /* Info.plist */ = {isa = PBXFileReference; lastKnownFileType = text.plist.xml; path = Info.plist; sourceTree = "<group>"; };
		2488D1851E38E5B000F1C9CF /* SwiftCellContentHeightAnimationTests.xctest */ = {isa = PBXFileReference; explicitFileType = wrapper.cfbundle; includeInIndex = 0; path = SwiftCellContentHeightAnimationTests.xctest; sourceTree = BUILT_PRODUCTS_DIR; };
		2488D1891E38E5B000F1C9CF /* SwiftCellContentHeightAnimationTests.swift */ = {isa = PBXFileReference; lastKnownFileType = sourcecode.swift; path = SwiftCellContentHeightAnimationTests.swift; sourceTree = "<group>"; };
		2488D18B1E38E5B000F1C9CF /* Info.plist */ = {isa = PBXFileReference; lastKnownFileType = text.plist.xml; path = Info.plist; sourceTree = "<group>"; };
		2488D1901E38E5B000F1C9CF /* SwiftCellContentHeightAnimationUITests.xctest */ = {isa = PBXFileReference; explicitFileType = wrapper.cfbundle; includeInIndex = 0; path = SwiftCellContentHeightAnimationUITests.xctest; sourceTree = BUILT_PRODUCTS_DIR; };
		2488D1941E38E5B000F1C9CF /* SwiftCellContentHeightAnimationUITests.swift */ = {isa = PBXFileReference; lastKnownFileType = sourcecode.swift; path = SwiftCellContentHeightAnimationUITests.swift; sourceTree = "<group>"; };
		2488D1961E38E5B000F1C9CF /* Info.plist */ = {isa = PBXFileReference; lastKnownFileType = text.plist.xml; path = Info.plist; sourceTree = "<group>"; };
		2488D1A21E38E63000F1C9CF /* MZTableViewCell.swift */ = {isa = PBXFileReference; fileEncoding = 4; lastKnownFileType = sourcecode.swift; path = MZTableViewCell.swift; sourceTree = "<group>"; };
		2488D1A31E38E63000F1C9CF /* MZTableViewCell.xib */ = {isa = PBXFileReference; fileEncoding = 4; lastKnownFileType = file.xib; path = MZTableViewCell.xib; sourceTree = "<group>"; };
		2488D1A61E38E9E300F1C9CF /* MZHomeTableCellPictureView.swift */ = {isa = PBXFileReference; fileEncoding = 4; lastKnownFileType = sourcecode.swift; path = MZHomeTableCellPictureView.swift; sourceTree = "<group>"; };
		2488D1A81E38EA3000F1C9CF /* MZHomeTableCellDetailView.swift */ = {isa = PBXFileReference; fileEncoding = 4; lastKnownFileType = sourcecode.swift; path = MZHomeTableCellDetailView.swift; sourceTree = "<group>"; };
		2488D1AA1E38F7C700F1C9CF /* MZImagePreviewPageViewController.swift */ = {isa = PBXFileReference; fileEncoding = 4; lastKnownFileType = sourcecode.swift; path = MZImagePreviewPageViewController.swift; sourceTree = "<group>"; };
		2488D1AC1E38F85600F1C9CF /* MZSingleImagePreviewViewController.swift */ = {isa = PBXFileReference; fileEncoding = 4; lastKnownFileType = sourcecode.swift; path = MZSingleImagePreviewViewController.swift; sourceTree = "<group>"; };
		2488D1AE1E38F90200F1C9CF /* MZImagePreviewAnimator.swift */ = {isa = PBXFileReference; fileEncoding = 4; lastKnownFileType = sourcecode.swift; path = MZImagePreviewAnimator.swift; sourceTree = "<group>"; };
/* End PBXFileReference section */

/* Begin PBXFrameworksBuildPhase section */
		2488D16E1E38E5AF00F1C9CF /* Frameworks */ = {
			isa = PBXFrameworksBuildPhase;
			buildActionMask = 2147483647;
			files = (
			);
			runOnlyForDeploymentPostprocessing = 0;
		};
		2488D1821E38E5B000F1C9CF /* Frameworks */ = {
			isa = PBXFrameworksBuildPhase;
			buildActionMask = 2147483647;
			files = (
			);
			runOnlyForDeploymentPostprocessing = 0;
		};
		2488D18D1E38E5B000F1C9CF /* Frameworks */ = {
			isa = PBXFrameworksBuildPhase;
			buildActionMask = 2147483647;
			files = (
			);
			runOnlyForDeploymentPostprocessing = 0;
		};
/* End PBXFrameworksBuildPhase section */

/* Begin PBXGroup section */
		2488D1681E38E5AF00F1C9CF = {
			isa = PBXGroup;
			children = (
				2488D1731E38E5AF00F1C9CF /* SwiftCellContentHeightAnimation */,
				2488D1881E38E5B000F1C9CF /* SwiftCellContentHeightAnimationTests */,
				2488D1931E38E5B000F1C9CF /* SwiftCellContentHeightAnimationUITests */,
				2488D1721E38E5AF00F1C9CF /* Products */,
			);
			sourceTree = "<group>";
		};
		2488D1721E38E5AF00F1C9CF /* Products */ = {
			isa = PBXGroup;
			children = (
				2488D1711E38E5AF00F1C9CF /* SwiftCellContentHeightAnimation.app */,
				2488D1851E38E5B000F1C9CF /* SwiftCellContentHeightAnimationTests.xctest */,
				2488D1901E38E5B000F1C9CF /* SwiftCellContentHeightAnimationUITests.xctest */,
			);
			name = Products;
			sourceTree = "<group>";
		};
		2488D1731E38E5AF00F1C9CF /* SwiftCellContentHeightAnimation */ = {
			isa = PBXGroup;
			children = (
				2488D17B1E38E5B000F1C9CF /* Assets.xcassets */,
				2488D17D1E38E5B000F1C9CF /* LaunchScreen.storyboard */,
				2488D1801E38E5B000F1C9CF /* Info.plist */,
				2488D1741E38E5AF00F1C9CF /* AppDelegate.swift */,
				2488D1761E38E5AF00F1C9CF /* MZViewController.swift */,
				2488D1A81E38EA3000F1C9CF /* MZHomeTableCellDetailView.swift */,
				2488D1A61E38E9E300F1C9CF /* MZHomeTableCellPictureView.swift */,
				2488D1A21E38E63000F1C9CF /* MZTableViewCell.swift */,
				2488D1A31E38E63000F1C9CF /* MZTableViewCell.xib */,
				2488D1AE1E38F90200F1C9CF /* MZImagePreviewAnimator.swift */,
				2488D1AA1E38F7C700F1C9CF /* MZImagePreviewPageViewController.swift */,
				2488D1AC1E38F85600F1C9CF /* MZSingleImagePreviewViewController.swift */,
			);
			path = SwiftCellContentHeightAnimation;
			sourceTree = "<group>";
		};
		2488D1881E38E5B000F1C9CF /* SwiftCellContentHeightAnimationTests */ = {
			isa = PBXGroup;
			children = (
				2488D1891E38E5B000F1C9CF /* SwiftCellContentHeightAnimationTests.swift */,
				2488D18B1E38E5B000F1C9CF /* Info.plist */,
			);
			path = SwiftCellContentHeightAnimationTests;
			sourceTree = "<group>";
		};
		2488D1931E38E5B000F1C9CF /* SwiftCellContentHeightAnimationUITests */ = {
			isa = PBXGroup;
			children = (
				2488D1941E38E5B000F1C9CF /* SwiftCellContentHeightAnimationUITests.swift */,
				2488D1961E38E5B000F1C9CF /* Info.plist */,
			);
			path = SwiftCellContentHeightAnimationUITests;
			sourceTree = "<group>";
		};
/* End PBXGroup section */

/* Begin PBXNativeTarget section */
		2488D1701E38E5AF00F1C9CF /* SwiftCellContentHeightAnimation */ = {
			isa = PBXNativeTarget;
			buildConfigurationList = 2488D1991E38E5B000F1C9CF /* Build configuration list for PBXNativeTarget "SwiftCellContentHeightAnimation" */;
			buildPhases = (
				2488D16D1E38E5AF00F1C9CF /* Sources */,
				2488D16E1E38E5AF00F1C9CF /* Frameworks */,
				2488D16F1E38E5AF00F1C9CF /* Resources */,
			);
			buildRules = (
			);
			dependencies = (
			);
			name = SwiftCellContentHeightAnimation;
			productName = SwiftCellContentHeightAnimation;
			productReference = 2488D1711E38E5AF00F1C9CF /* SwiftCellContentHeightAnimation.app */;
			productType = "com.apple.product-type.application";
		};
		2488D1841E38E5B000F1C9CF /* SwiftCellContentHeightAnimationTests */ = {
			isa = PBXNativeTarget;
			buildConfigurationList = 2488D19C1E38E5B000F1C9CF /* Build configuration list for PBXNativeTarget "SwiftCellContentHeightAnimationTests" */;
			buildPhases = (
				2488D1811E38E5B000F1C9CF /* Sources */,
				2488D1821E38E5B000F1C9CF /* Frameworks */,
				2488D1831E38E5B000F1C9CF /* Resources */,
			);
			buildRules = (
			);
			dependencies = (
				2488D1871E38E5B000F1C9CF /* PBXTargetDependency */,
			);
			name = SwiftCellContentHeightAnimationTests;
			productName = SwiftCellContentHeightAnimationTests;
			productReference = 2488D1851E38E5B000F1C9CF /* SwiftCellContentHeightAnimationTests.xctest */;
			productType = "com.apple.product-type.bundle.unit-test";
		};
		2488D18F1E38E5B000F1C9CF /* SwiftCellContentHeightAnimationUITests */ = {
			isa = PBXNativeTarget;
			buildConfigurationList = 2488D19F1E38E5B000F1C9CF /* Build configuration list for PBXNativeTarget "SwiftCellContentHeightAnimationUITests" */;
			buildPhases = (
				2488D18C1E38E5B000F1C9CF /* Sources */,
				2488D18D1E38E5B000F1C9CF /* Frameworks */,
				2488D18E1E38E5B000F1C9CF /* Resources */,
			);
			buildRules = (
			);
			dependencies = (
				2488D1921E38E5B000F1C9CF /* PBXTargetDependency */,
			);
			name = SwiftCellContentHeightAnimationUITests;
			productName = SwiftCellContentHeightAnimationUITests;
			productReference = 2488D1901E38E5B000F1C9CF /* SwiftCellContentHeightAnimationUITests.xctest */;
			productType = "com.apple.product-type.bundle.ui-testing";
		};
/* End PBXNativeTarget section */

/* Begin PBXProject section */
		2488D1691E38E5AF00F1C9CF /* Project object */ = {
			isa = PBXProject;
			attributes = {
				LastSwiftUpdateCheck = 0820;
				LastUpgradeCheck = 0820;
				ORGANIZATIONNAME = Monster;
				TargetAttributes = {
					2488D1701E38E5AF00F1C9CF = {
						CreatedOnToolsVersion = 8.2;
						DevelopmentTeam = 89449AARGW;
						ProvisioningStyle = Automatic;
					};
					2488D1841E38E5B000F1C9CF = {
						CreatedOnToolsVersion = 8.2;
						DevelopmentTeam = 89449AARGW;
						ProvisioningStyle = Automatic;
						TestTargetID = 2488D1701E38E5AF00F1C9CF;
					};
					2488D18F1E38E5B000F1C9CF = {
						CreatedOnToolsVersion = 8.2;
						DevelopmentTeam = 89449AARGW;
						ProvisioningStyle = Automatic;
						TestTargetID = 2488D1701E38E5AF00F1C9CF;
					};
				};
			};
			buildConfigurationList = 2488D16C1E38E5AF00F1C9CF /* Build configuration list for PBXProject "SwiftCellContentHeightAnimation" */;
			compatibilityVersion = "Xcode 3.2";
			developmentRegion = English;
			hasScannedForEncodings = 0;
			knownRegions = (
				en,
				Base,
			);
			mainGroup = 2488D1681E38E5AF00F1C9CF;
			productRefGroup = 2488D1721E38E5AF00F1C9CF /* Products */;
			projectDirPath = "";
			projectRoot = "";
			targets = (
				2488D1701E38E5AF00F1C9CF /* SwiftCellContentHeightAnimation */,
				2488D1841E38E5B000F1C9CF /* SwiftCellContentHeightAnimationTests */,
				2488D18F1E38E5B000F1C9CF /* SwiftCellContentHeightAnimationUITests */,
			);
		};
/* End PBXProject section */

/* Begin PBXResourcesBuildPhase section */
		2488D16F1E38E5AF00F1C9CF /* Resources */ = {
			isa = PBXResourcesBuildPhase;
			buildActionMask = 2147483647;
			files = (
				2488D17F1E38E5B000F1C9CF /* LaunchScreen.storyboard in Resources */,
				2488D17C1E38E5B000F1C9CF /* Assets.xcassets in Resources */,
				2488D1A51E38E63000F1C9CF /* MZTableViewCell.xib in Resources */,
			);
			runOnlyForDeploymentPostprocessing = 0;
		};
		2488D1831E38E5B000F1C9CF /* Resources */ = {
			isa = PBXResourcesBuildPhase;
			buildActionMask = 2147483647;
			files = (
			);
			runOnlyForDeploymentPostprocessing = 0;
		};
		2488D18E1E38E5B000F1C9CF /* Resources */ = {
			isa = PBXResourcesBuildPhase;
			buildActionMask = 2147483647;
			files = (
			);
			runOnlyForDeploymentPostprocessing = 0;
		};
/* End PBXResourcesBuildPhase section */

/* Begin PBXSourcesBuildPhase section */
		2488D16D1E38E5AF00F1C9CF /* Sources */ = {
			isa = PBXSourcesBuildPhase;
			buildActionMask = 2147483647;
			files = (
				2488D1771E38E5AF00F1C9CF /* MZViewController.swift in Sources */,
				2488D1AB1E38F7C700F1C9CF /* MZImagePreviewPageViewController.swift in Sources */,
				2488D1751E38E5AF00F1C9CF /* AppDelegate.swift in Sources */,
				2488D1A71E38E9E300F1C9CF /* MZHomeTableCellPictureView.swift in Sources */,
				2488D1A41E38E63000F1C9CF /* MZTableViewCell.swift in Sources */,
				2488D1A91E38EA3000F1C9CF /* MZHomeTableCellDetailView.swift in Sources */,
				2488D1AF1E38F90200F1C9CF /* MZImagePreviewAnimator.swift in Sources */,
				2488D1AD1E38F85600F1C9CF /* MZSingleImagePreviewViewController.swift in Sources */,
			);
			runOnlyForDeploymentPostprocessing = 0;
		};
		2488D1811E38E5B000F1C9CF /* Sources */ = {
			isa = PBXSourcesBuildPhase;
			buildActionMask = 2147483647;
			files = (
				2488D18A1E38E5B000F1C9CF /* SwiftCellContentHeightAnimationTests.swift in Sources */,
			);
			runOnlyForDeploymentPostprocessing = 0;
		};
		2488D18C1E38E5B000F1C9CF /* Sources */ = {
			isa = PBXSourcesBuildPhase;
			buildActionMask = 2147483647;
			files = (
				2488D1951E38E5B000F1C9CF /* SwiftCellContentHeightAnimationUITests.swift in Sources */,
			);
			runOnlyForDeploymentPostprocessing = 0;
		};
/* End PBXSourcesBuildPhase section */

/* Begin PBXTargetDependency section */
		2488D1871E38E5B000F1C9CF /* PBXTargetDependency */ = {
			isa = PBXTargetDependency;
			target = 2488D1701E38E5AF00F1C9CF /* SwiftCellContentHeightAnimation */;
			targetProxy = 2488D1861E38E5B000F1C9CF /* PBXContainerItemProxy */;
		};
		2488D1921E38E5B000F1C9CF /* PBXTargetDependency */ = {
			isa = PBXTargetDependency;
			target = 2488D1701E38E5AF00F1C9CF /* SwiftCellContentHeightAnimation */;
			targetProxy = 2488D1911E38E5B000F1C9CF /* PBXContainerItemProxy */;
		};
/* End PBXTargetDependency section */

/* Begin PBXVariantGroup section */
		2488D17D1E38E5B000F1C9CF /* LaunchScreen.storyboard */ = {
			isa = PBXVariantGroup;
			children = (
				2488D17E1E38E5B000F1C9CF /* Base */,
			);
			name = LaunchScreen.storyboard;
			sourceTree = "<group>";
		};
/* End PBXVariantGroup section */

/* Begin XCBuildConfiguration section */
		2488D1971E38E5B000F1C9CF /* Debug */ = {
			isa = XCBuildConfiguration;
			buildSettings = {
				ALWAYS_SEARCH_USER_PATHS = NO;
				CLANG_ANALYZER_NONNULL = YES;
				CLANG_CXX_LANGUAGE_STANDARD = "gnu++0x";
				CLANG_CXX_LIBRARY = "libc++";
				CLANG_ENABLE_MODULES = YES;
				CLANG_ENABLE_OBJC_ARC = YES;
				CLANG_WARN_BOOL_CONVERSION = YES;
				CLANG_WARN_CONSTANT_CONVERSION = YES;
				CLANG_WARN_DIRECT_OBJC_ISA_USAGE = YES_ERROR;
				CLANG_WARN_DOCUMENTATION_COMMENTS = YES;
				CLANG_WARN_EMPTY_BODY = YES;
				CLANG_WARN_ENUM_CONVERSION = YES;
				CLANG_WARN_INFINITE_RECURSION = YES;
				CLANG_WARN_INT_CONVERSION = YES;
				CLANG_WARN_OBJC_ROOT_CLASS = YES_ERROR;
				CLANG_WARN_SUSPICIOUS_MOVE = YES;
				CLANG_WARN_UNREACHABLE_CODE = YES;
				CLANG_WARN__DUPLICATE_METHOD_MATCH = YES;
				"CODE_SIGN_IDENTITY[sdk=iphoneos*]" = "iPhone Developer";
				COPY_PHASE_STRIP = NO;
				DEBUG_INFORMATION_FORMAT = dwarf;
				ENABLE_STRICT_OBJC_MSGSEND = YES;
				ENABLE_TESTABILITY = YES;
				GCC_C_LANGUAGE_STANDARD = gnu99;
				GCC_DYNAMIC_NO_PIC = NO;
				GCC_NO_COMMON_BLOCKS = YES;
				GCC_OPTIMIZATION_LEVEL = 0;
				GCC_PREPROCESSOR_DEFINITIONS = (
					"DEBUG=1",
					"$(inherited)",
				);
				GCC_WARN_64_TO_32_BIT_CONVERSION = YES;
				GCC_WARN_ABOUT_RETURN_TYPE = YES_ERROR;
				GCC_WARN_UNDECLARED_SELECTOR = YES;
				GCC_WARN_UNINITIALIZED_AUTOS = YES_AGGRESSIVE;
				GCC_WARN_UNUSED_FUNCTION = YES;
				GCC_WARN_UNUSED_VARIABLE = YES;
				IPHONEOS_DEPLOYMENT_TARGET = 10.2;
				MTL_ENABLE_DEBUG_INFO = YES;
				ONLY_ACTIVE_ARCH = YES;
				SDKROOT = iphoneos;
				SWIFT_ACTIVE_COMPILATION_CONDITIONS = DEBUG;
				SWIFT_OPTIMIZATION_LEVEL = "-Onone";
				TARGETED_DEVICE_FAMILY = "1,2";
			};
			name = Debug;
		};
		2488D1981E38E5B000F1C9CF /* Release */ = {
			isa = XCBuildConfiguration;
			buildSettings = {
				ALWAYS_SEARCH_USER_PATHS = NO;
				CLANG_ANALYZER_NONNULL = YES;
				CLANG_CXX_LANGUAGE_STANDARD = "gnu++0x";
				CLANG_CXX_LIBRARY = "libc++";
				CLANG_ENABLE_MODULES = YES;
				CLANG_ENABLE_OBJC_ARC = YES;
				CLANG_WARN_BOOL_CONVERSION = YES;
				CLANG_WARN_CONSTANT_CONVERSION = YES;
				CLANG_WARN_DIRECT_OBJC_ISA_USAGE = YES_ERROR;
				CLANG_WARN_DOCUMENTATION_COMMENTS = YES;
				CLANG_WARN_EMPTY_BODY = YES;
				CLANG_WARN_ENUM_CONVERSION = YES;
				CLANG_WARN_INFINITE_RECURSION = YES;
				CLANG_WARN_INT_CONVERSION = YES;
				CLANG_WARN_OBJC_ROOT_CLASS = YES_ERROR;
				CLANG_WARN_SUSPICIOUS_MOVE = YES;
				CLANG_WARN_UNREACHABLE_CODE = YES;
				CLANG_WARN__DUPLICATE_METHOD_MATCH = YES;
				"CODE_SIGN_IDENTITY[sdk=iphoneos*]" = "iPhone Developer";
				COPY_PHASE_STRIP = NO;
				DEBUG_INFORMATION_FORMAT = "dwarf-with-dsym";
				ENABLE_NS_ASSERTIONS = NO;
				ENABLE_STRICT_OBJC_MSGSEND = YES;
				GCC_C_LANGUAGE_STANDARD = gnu99;
				GCC_NO_COMMON_BLOCKS = YES;
				GCC_WARN_64_TO_32_BIT_CONVERSION = YES;
				GCC_WARN_ABOUT_RETURN_TYPE = YES_ERROR;
				GCC_WARN_UNDECLARED_SELECTOR = YES;
				GCC_WARN_UNINITIALIZED_AUTOS = YES_AGGRESSIVE;
				GCC_WARN_UNUSED_FUNCTION = YES;
				GCC_WARN_UNUSED_VARIABLE = YES;
				IPHONEOS_DEPLOYMENT_TARGET = 10.2;
				MTL_ENABLE_DEBUG_INFO = NO;
				SDKROOT = iphoneos;
				SWIFT_OPTIMIZATION_LEVEL = "-Owholemodule";
				TARGETED_DEVICE_FAMILY = "1,2";
				VALIDATE_PRODUCT = YES;
			};
			name = Release;
		};
		2488D19A1E38E5B000F1C9CF /* Debug */ = {
			isa = XCBuildConfiguration;
			buildSettings = {
				ASSETCATALOG_COMPILER_APPICON_NAME = AppIcon;
				DEVELOPMENT_TEAM = 89449AARGW;
				INFOPLIST_FILE = SwiftCellContentHeightAnimation/Info.plist;
				LD_RUNPATH_SEARCH_PATHS = "$(inherited) @executable_path/Frameworks";
				PRODUCT_BUNDLE_IDENTIFIER = Marvin.Zhan.SwiftCellContentHeightAnimation;
				PRODUCT_NAME = "$(TARGET_NAME)";
				SWIFT_VERSION = 3.0;
			};
			name = Debug;
		};
		2488D19B1E38E5B000F1C9CF /* Release */ = {
			isa = XCBuildConfiguration;
			buildSettings = {
				ASSETCATALOG_COMPILER_APPICON_NAME = AppIcon;
				DEVELOPMENT_TEAM = 89449AARGW;
				INFOPLIST_FILE = SwiftCellContentHeightAnimation/Info.plist;
				LD_RUNPATH_SEARCH_PATHS = "$(inherited) @executable_path/Frameworks";
				PRODUCT_BUNDLE_IDENTIFIER = Marvin.Zhan.SwiftCellContentHeightAnimation;
				PRODUCT_NAME = "$(TARGET_NAME)";
				SWIFT_VERSION = 3.0;
			};
			name = Release;
		};
		2488D19D1E38E5B000F1C9CF /* Debug */ = {
			isa = XCBuildConfiguration;
			buildSettings = {
				ALWAYS_EMBED_SWIFT_STANDARD_LIBRARIES = YES;
				BUNDLE_LOADER = "$(TEST_HOST)";
				DEVELOPMENT_TEAM = 89449AARGW;
				INFOPLIST_FILE = SwiftCellContentHeightAnimationTests/Info.plist;
				LD_RUNPATH_SEARCH_PATHS = "$(inherited) @executable_path/Frameworks @loader_path/Frameworks";
				PRODUCT_BUNDLE_IDENTIFIER = Marvin.Zhan.SwiftCellContentHeightAnimationTests;
				PRODUCT_NAME = "$(TARGET_NAME)";
				SWIFT_VERSION = 3.0;
				TEST_HOST = "$(BUILT_PRODUCTS_DIR)/SwiftCellContentHeightAnimation.app/SwiftCellContentHeightAnimation";
			};
			name = Debug;
		};
		2488D19E1E38E5B000F1C9CF /* Release */ = {
			isa = XCBuildConfiguration;
			buildSettings = {
				ALWAYS_EMBED_SWIFT_STANDARD_LIBRARIES = YES;
				BUNDLE_LOADER = "$(TEST_HOST)";
				DEVELOPMENT_TEAM = 89449AARGW;
				INFOPLIST_FILE = SwiftCellContentHeightAnimationTests/Info.plist;
				LD_RUNPATH_SEARCH_PATHS = "$(inherited) @executable_path/Frameworks @loader_path/Frameworks";
				PRODUCT_BUNDLE_IDENTIFIER = Marvin.Zhan.SwiftCellContentHeightAnimationTests;
				PRODUCT_NAME = "$(TARGET_NAME)";
				SWIFT_VERSION = 3.0;
				TEST_HOST = "$(BUILT_PRODUCTS_DIR)/SwiftCellContentHeightAnimation.app/SwiftCellContentHeightAnimation";
			};
			name = Release;
		};
		2488D1A01E38E5B000F1C9CF /* Debug */ = {
			isa = XCBuildConfiguration;
			buildSettings = {
				ALWAYS_EMBED_SWIFT_STANDARD_LIBRARIES = YES;
				DEVELOPMENT_TEAM = 89449AARGW;
				INFOPLIST_FILE = SwiftCellContentHeightAnimationUITests/Info.plist;
				LD_RUNPATH_SEARCH_PATHS = "$(inherited) @executable_path/Frameworks @loader_path/Frameworks";
				PRODUCT_BUNDLE_IDENTIFIER = Marvin.Zhan.SwiftCellContentHeightAnimationUITests;
				PRODUCT_NAME = "$(TARGET_NAME)";
				SWIFT_VERSION = 3.0;
				TEST_TARGET_NAME = SwiftCellContentHeightAnimation;
			};
			name = Debug;
		};
		2488D1A11E38E5B000F1C9CF /* Release */ = {
			isa = XCBuildConfiguration;
			buildSettings = {
				ALWAYS_EMBED_SWIFT_STANDARD_LIBRARIES = YES;
				DEVELOPMENT_TEAM = 89449AARGW;
				INFOPLIST_FILE = SwiftCellContentHeightAnimationUITests/Info.plist;
				LD_RUNPATH_SEARCH_PATHS = "$(inherited) @executable_path/Frameworks @loader_path/Frameworks";
				PRODUCT_BUNDLE_IDENTIFIER = Marvin.Zhan.SwiftCellContentHeightAnimationUITests;
				PRODUCT_NAME = "$(TARGET_NAME)";
				SWIFT_VERSION = 3.0;
				TEST_TARGET_NAME = SwiftCellContentHeightAnimation;
			};
			name = Release;
		};
/* End XCBuildConfiguration section */

/* Begin XCConfigurationList section */
		2488D16C1E38E5AF00F1C9CF /* Build configuration list for PBXProject "SwiftCellContentHeightAnimation" */ = {
			isa = XCConfigurationList;
			buildConfigurations = (
				2488D1971E38E5B000F1C9CF /* Debug */,
				2488D1981E38E5B000F1C9CF /* Release */,
			);
			defaultConfigurationIsVisible = 0;
			defaultConfigurationName = Release;
		};
		2488D1991E38E5B000F1C9CF /* Build configuration list for PBXNativeTarget "SwiftCellContentHeightAnimation" */ = {
			isa = XCConfigurationList;
			buildConfigurations = (
				2488D19A1E38E5B000F1C9CF /* Debug */,
				2488D19B1E38E5B000F1C9CF /* Release */,
			);
			defaultConfigurationIsVisible = 0;
		};
		2488D19C1E38E5B000F1C9CF /* Build configuration list for PBXNativeTarget "SwiftCellContentHeightAnimationTests" */ = {
			isa = XCConfigurationList;
			buildConfigurations = (
				2488D19D1E38E5B000F1C9CF /* Debug */,
				2488D19E1E38E5B000F1C9CF /* Release */,
			);
			defaultConfigurationIsVisible = 0;
		};
		2488D19F1E38E5B000F1C9CF /* Build configuration list for PBXNativeTarget "SwiftCellContentHeightAnimationUITests" */ = {
			isa = XCConfigurationList;
			buildConfigurations = (
				2488D1A01E38E5B000F1C9CF /* Debug */,
				2488D1A11E38E5B000F1C9CF /* Release */,
			);
			defaultConfigurationIsVisible = 0;
		};
/* End XCConfigurationList section */
	};
	rootObject = 2488D1691E38E5AF00F1C9CF /* Project object */;
}
